
Microsoft Visual Studio Solution File, Format Version 11.00
# Visual Studio 2010
Project("{FAE04EC0-301F-11D3-BF4B-00C04F79EFBC}") = "PhotonUnityNetworking.Utilities", "PhotonUnityNetworking.Utilities.csproj", "{CE17545B-4D76-C8F9-8E01-68B45359DF22}"
EndProject
Project("{FAE04EC0-301F-11D3-BF4B-00C04F79EFBC}") = "Assembly-CSharp", "Assembly-CSharp.csproj", "{968C1D4C-C097-6C7A-90DB-A6642E127977}"
EndProject
Project("{FAE04EC0-301F-11D3-BF4B-00C04F79EFBC}") = "PhotonUnityNetworking.Demos", "PhotonUnityNetworking.Demos.csproj", "{53D3FC09-94DD-5E7F-709A-A6ED4C0E7833}"
EndProject
Project("{FAE04EC0-301F-11D3-BF4B-00C04F79EFBC}") = "PhotonUnityNetworking", "PhotonUnityNetworking.csproj", "{EF090B2C-289A-A63B-A87D-67B189B3A3E6}"
EndProject
Project("{FAE04EC0-301F-11D3-BF4B-00C04F79EFBC}") = "PhotonChat", "PhotonChat.csproj", "{ECD772F1-7369-71FA-446C-51683B6E359F}"
EndProject
Project("{FAE04EC0-301F-11D3-BF4B-00C04F79EFBC}") = "PhotonRealtime", "PhotonRealtime.csproj", "{B6A40062-04F7-B465-F8F9-9EF866CC2963}"
EndProject
Project("{FAE04EC0-301F-11D3-BF4B-00C04F79EFBC}") = "PhotonUnityNetworking.Editor", "PhotonUnityNetworking.Editor.csproj", "{8CF0EC64-DEF1-D9C6-4C1B-6F9DDBF2BF33}"
EndProject
Project("{FAE04EC0-301F-11D3-BF4B-00C04F79EFBC}") = "PhotonUnityNetworking.Utilities.PhotonPlayer.Editor", "PhotonUnityNetworking.Utilities.PhotonPlayer.Editor.csproj", "{8F196D20-F380-A0BD-B028-B7F9C1CEF254}"
EndProject
Project("{FAE04EC0-301F-11D3-BF4B-00C04F79EFBC}") = "PunDemos.DemoSlotcarEditor", "PunDemos.DemoSlotcarEditor.csproj", "{973CC6D8-AA63-0098-81A0-5AA51A03F78D}"
EndProject
Project("{FAE04EC0-301F-11D3-BF4B-00C04F79EFBC}") = "PhotonUnityNetworking.Utilities.Culling.Editor", "PhotonUnityNetworking.Utilities.Culling.Editor.csproj", "{4DB0B989-0770-6964-1B64-2C9D64C38D34}"
EndProject
Project("{FAE04EC0-301F-11D3-BF4B-00C04F79EFBC}") = "PunDemos.DemoHubEditor", "PunDemos.DemoHubEditor.csproj", "{AF5F6818-5B04-F0B0-4644-D9FF1ABF6571}"
EndProject
Global
	GlobalSection(SolutionConfigurationPlatforms) = preSolution
		Debug|Any CPU = Debug|Any CPU
		Release|Any CPU = Release|Any CPU
	EndGlobalSection
	GlobalSection(ProjectConfigurationPlatforms) = postSolution
		{CE17545B-4D76-C8F9-8E01-68B45359DF22}.Debug|Any CPU.ActiveCfg = Debug|Any CPU
		{CE17545B-4D76-C8F9-8E01-68B45359DF22}.Debug|Any CPU.Build.0 = Debug|Any CPU
		{CE17545B-4D76-C8F9-8E01-68B45359DF22}.Release|Any CPU.ActiveCfg = Release|Any CPU
		{CE17545B-4D76-C8F9-8E01-68B45359DF22}.Release|Any CPU.Build.0 = Release|Any CPU
		{968C1D4C-C097-6C7A-90DB-A6642E127977}.Debug|Any CPU.ActiveCfg = Debug|Any CPU
		{968C1D4C-C097-6C7A-90DB-A6642E127977}.Debug|Any CPU.Build.0 = Debug|Any CPU
		{968C1D4C-C097-6C7A-90DB-A6642E127977}.Release|Any CPU.ActiveCfg = Release|Any CPU
		{968C1D4C-C097-6C7A-90DB-A6642E127977}.Release|Any CPU.Build.0 = Release|Any CPU
		{53D3FC09-94DD-5E7F-709A-A6ED4C0E7833}.Debug|Any CPU.ActiveCfg = Debug|Any CPU
		{53D3FC09-94DD-5E7F-709A-A6ED4C0E7833}.Debug|Any CPU.Build.0 = Debug|Any CPU
		{53D3FC09-94DD-5E7F-709A-A6ED4C0E7833}.Release|Any CPU.ActiveCfg = Release|Any CPU
		{53D3FC09-94DD-5E7F-709A-A6ED4C0E7833}.Release|Any CPU.Build.0 = Release|Any CPU
		{EF090B2C-289A-A63B-A87D-67B189B3A3E6}.Debug|Any CPU.ActiveCfg = Debug|Any CPU
		{EF090B2C-289A-A63B-A87D-67B189B3A3E6}.Debug|Any CPU.Build.0 = Debug|Any CPU
		{EF090B2C-289A-A63B-A87D-67B189B3A3E6}.Release|Any CPU.ActiveCfg = Release|Any CPU
		{EF090B2C-289A-A63B-A87D-67B189B3A3E6}.Release|Any CPU.Build.0 = Release|Any CPU
		{ECD772F1-7369-71FA-446C-51683B6E359F}.Debug|Any CPU.ActiveCfg = Debug|Any CPU
		{ECD772F1-7369-71FA-446C-51683B6E359F}.Debug|Any CPU.Build.0 = Debug|Any CPU
		{ECD772F1-7369-71FA-446C-51683B6E359F}.Release|Any CPU.ActiveCfg = Release|Any CPU
		{ECD772F1-7369-71FA-446C-51683B6E359F}.Release|Any CPU.Build.0 = Release|Any CPU
		{B6A40062-04F7-B465-F8F9-9EF866CC2963}.Debug|Any CPU.ActiveCfg = Debug|Any CPU
		{B6A40062-04F7-B465-F8F9-9EF866CC2963}.Debug|Any CPU.Build.0 = Debug|Any CPU
		{B6A40062-04F7-B465-F8F9-9EF866CC2963}.Release|Any CPU.ActiveCfg = Release|Any CPU
		{B6A40062-04F7-B465-F8F9-9EF866CC2963}.Release|Any CPU.Build.0 = Release|Any CPU
		{8CF0EC64-DEF1-D9C6-4C1B-6F9DDBF2BF33}.Debug|Any CPU.ActiveCfg = Debug|Any CPU
		{8CF0EC64-DEF1-D9C6-4C1B-6F9DDBF2BF33}.Debug|Any CPU.Build.0 = Debug|Any CPU
		{8CF0EC64-DEF1-D9C6-4C1B-6F9DDBF2BF33}.Release|Any CPU.ActiveCfg = Release|Any CPU
		{8CF0EC64-DEF1-D9C6-4C1B-6F9DDBF2BF33}.Release|Any CPU.Build.0 = Release|Any CPU
		{8F196D20-F380-A0BD-B028-B7F9C1CEF254}.Debug|Any CPU.ActiveCfg = Debug|Any CPU
		{8F196D20-F380-A0BD-B028-B7F9C1CEF254}.Debug|Any CPU.Build.0 = Debug|Any CPU
		{8F196D20-F380-A0BD-B028-B7F9C1CEF254}.Release|Any CPU.ActiveCfg = Release|Any CPU
		{8F196D20-F380-A0BD-B028-B7F9C1CEF254}.Release|Any CPU.Build.0 = Release|Any CPU
		{973CC6D8-AA63-0098-81A0-5AA51A03F78D}.Debug|Any CPU.ActiveCfg = Debug|Any CPU
		{973CC6D8-AA63-0098-81A0-5AA51A03F78D}.Debug|Any CPU.Build.0 = Debug|Any CPU
		{973CC6D8-AA63-0098-81A0-5AA51A03F78D}.Release|Any CPU.ActiveCfg = Release|Any CPU
		{973CC6D8-AA63-0098-81A0-5AA51A03F78D}.Release|Any CPU.Build.0 = Release|Any CPU
		{4DB0B989-0770-6964-1B64-2C9D64C38D34}.Debug|Any CPU.ActiveCfg = Debug|Any CPU
		{4DB0B989-0770-6964-1B64-2C9D64C38D34}.Debug|Any CPU.Build.0 = Debug|Any CPU
		{4DB0B989-0770-6964-1B64-2C9D64C38D34}.Release|Any CPU.ActiveCfg = Release|Any CPU
		{4DB0B989-0770-6964-1B64-2C9D64C38D34}.Release|Any CPU.Build.0 = Release|Any CPU
		{AF5F6818-5B04-F0B0-4644-D9FF1ABF6571}.Debug|Any CPU.ActiveCfg = Debug|Any CPU
		{AF5F6818-5B04-F0B0-4644-D9FF1ABF6571}.Debug|Any CPU.Build.0 = Debug|Any CPU
		{AF5F6818-5B04-F0B0-4644-D9FF1ABF6571}.Release|Any CPU.ActiveCfg = Release|Any CPU
		{AF5F6818-5B04-F0B0-4644-D9FF1ABF6571}.Release|Any CPU.Build.0 = Release|Any CPU
	EndGlobalSection
	GlobalSection(SolutionProperties) = preSolution
		HideSolutionNode = FALSE
	EndGlobalSection
EndGlobal
